
Microsoft Visual Studio Solution File, Format Version 12.00
# Visual Studio Version 17
VisualStudioVersion = 17.3.32929.385
MinimumVisualStudioVersion = 10.0.40219.1
Project("{FAE04EC0-301F-11D3-BF4B-00C04F79EFBC}") = "BoomerCS", "BoomerCS.csproj", "{CD619284-C763-42DF-BEC9-22E5EB53E0F1}"
EndProject
Global
	GlobalSection(SolutionConfigurationPlatforms) = preSolution
		Debug|Any CPU = Debug|Any CPU
		Release|Any CPU = Release|Any CPU
	EndGlobalSection
	GlobalSection(ProjectConfigurationPlatforms) = postSolution
		{CD619284-C763-42DF-BEC9-22E5EB53E0F1}.Debug|Any CPU.ActiveCfg = Debug|Any CPU
		{CD619284-C763-42DF-BEC9-22E5EB53E0F1}.Debug|Any CPU.Build.0 = Debug|Any CPU
		{CD619284-C763-42DF-BEC9-22E5EB53E0F1}.Release|Any CPU.ActiveCfg = Release|Any CPU
		{CD619284-C763-42DF-BEC9-22E5EB53E0F1}.Release|Any CPU.Build.0 = Release|Any CPU
	EndGlobalSection
	GlobalSection(SolutionProperties) = preSolution
		HideSolutionNode = FALSE
	EndGlobalSection
	GlobalSection(ExtensibilityGlobals) = postSolution
		SolutionGuid = {07D3287B-A36A-47F4-8481-DF164D25E1D0}
	EndGlobalSection
EndGlobal
